
Microsoft Visual Studio Solution File, Format Version 12.00
# Visual Studio Version 17
VisualStudioVersion = 17.5.33627.172
MinimumVisualStudioVersion = 10.0.40219.1
Project("{FAE04EC0-301F-11D3-BF4B-00C04F79EFBC}") = "FullstackAPI", "FullstackAPI.csproj", "{7861B6D3-E172-4DE4-8B0F-627C77865D43}"
EndProject
Global
	GlobalSection(SolutionConfigurationPlatforms) = preSolution
		Debug|Any CPU = Debug|Any CPU
		Release|Any CPU = Release|Any CPU
	EndGlobalSection
	GlobalSection(ProjectConfigurationPlatforms) = postSolution
		{7861B6D3-E172-4DE4-8B0F-627C77865D43}.Debug|Any CPU.ActiveCfg = Debug|Any CPU
		{7861B6D3-E172-4DE4-8B0F-627C77865D43}.Debug|Any CPU.Build.0 = Debug|Any CPU
		{7861B6D3-E172-4DE4-8B0F-627C77865D43}.Release|Any CPU.ActiveCfg = Release|Any CPU
		{7861B6D3-E172-4DE4-8B0F-627C77865D43}.Release|Any CPU.Build.0 = Release|Any CPU
	EndGlobalSection
	GlobalSection(SolutionProperties) = preSolution
		HideSolutionNode = FALSE
	EndGlobalSection
	GlobalSection(ExtensibilityGlobals) = postSolution
		SolutionGuid = {A84D688E-B968-4A37-B947-10C62029A08C}
	EndGlobalSection
EndGlobal
